{
  "originHash" : "32e86ffb78a6b48734758007a4ffaa1b4ae4ca2440458294b2e9539260c97a23",
  "pins" : [
    {
      "identity" : "mvikit",
      "kind" : "remoteSourceControl",
      "location" : "https://github.com/Khizanag/MVIKit",
      "state" : {
        "revision" : "c5a0ebbaebb1fe9425ec600e253f2c4115b51da0",
        "version" : "1.0.1"
      }
    }
  ],
  "version" : 3
}
