{
  "originHash" : "32e86ffb78a6b48734758007a4ffaa1b4ae4ca2440458294b2e9539260c97a23",
  "pins" : [
    {
      "identity" : "mvikit",
      "kind" : "remoteSourceControl",
      "location" : "https://github.com/Khizanag/MVIKit",
      "state" : {
        "revision" : "27fb9a7f88e285336337c8a88ab717f167618c21",
        "version" : "1.0.0"
      }
    }
  ],
  "version" : 3
}
